// !$*UTF8*$!
{
	archiveVersion = 1;
	classes = {
	};
	objectVersion = 46;
	objects = {

/* Begin PBXBuildFile section */
		EFB3B2EB1D1E550C0030CAB4 /* LHBMainViewController.m in Sources */ = {isa = PBXBuildFile; fileRef = EFB3B2EA1D1E550C0030CAB4 /* LHBMainViewController.m */; };
		EFC5AC2E1D129F6000E40062 /* main.m in Sources */ = {isa = PBXBuildFile; fileRef = EFC5AC2D1D129F6000E40062 /* main.m */; };
		EFC5AC311D129F6000E40062 /* AppDelegate.m in Sources */ = {isa = PBXBuildFile; fileRef = EFC5AC301D129F6000E40062 /* AppDelegate.m */; };
		EFC5AC391D129F6000E40062 /* Assets.xcassets in Resources */ = {isa = PBXBuildFile; fileRef = EFC5AC381D129F6000E40062 /* Assets.xcassets */; };
		EFC5AC3C1D129F6000E40062 /* LaunchScreen.storyboard in Resources */ = {isa = PBXBuildFile; fileRef = EFC5AC3A1D129F6000E40062 /* LaunchScreen.storyboard */; };
		EFC5AC471D129F6000E40062 /* AllToolsAndExtensionTests.m in Sources */ = {isa = PBXBuildFile; fileRef = EFC5AC461D129F6000E40062 /* AllToolsAndExtensionTests.m */; };
		EFC5AC521D129F6000E40062 /* AllToolsAndExtensionUITests.m in Sources */ = {isa = PBXBuildFile; fileRef = EFC5AC511D129F6000E40062 /* AllToolsAndExtensionUITests.m */; };
		EFC5AC651D12A00C00E40062 /* UIColor+Extension.m in Sources */ = {isa = PBXBuildFile; fileRef = EFC5AC641D12A00C00E40062 /* UIColor+Extension.m */; };
/* End PBXBuildFile section */

/* Begin PBXContainerItemProxy section */
		EFC5AC431D129F6000E40062 /* PBXContainerItemProxy */ = {
			isa = PBXContainerItemProxy;
			containerPortal = EFC5AC211D129F6000E40062 /* Project object */;
			proxyType = 1;
			remoteGlobalIDString = EFC5AC281D129F6000E40062;
			remoteInfo = AllToolsAndExtension;
		};
		EFC5AC4E1D129F6000E40062 /* PBXContainerItemProxy */ = {
			isa = PBXContainerItemProxy;
			containerPortal = EFC5AC211D129F6000E40062 /* Project object */;
			proxyType = 1;
			remoteGlobalIDString = EFC5AC281D129F6000E40062;
			remoteInfo = AllToolsAndExtension;
		};
/* End PBXContainerItemProxy section */

/* Begin PBXFileReference section */
		EFB3B2E91D1E550C0030CAB4 /* LHBMainViewController.h */ = {isa = PBXFileReference; fileEncoding = 4; lastKnownFileType = sourcecode.c.h; path = LHBMainViewController.h; sourceTree = "<group>"; };
		EFB3B2EA1D1E550C0030CAB4 /* LHBMainViewController.m */ = {isa = PBXFileReference; fileEncoding = 4; lastKnownFileType = sourcecode.c.objc; path = LHBMainViewController.m; sourceTree = "<group>"; };
		EFC5AC291D129F6000E40062 /* AllToolsAndExtension.app */ = {isa = PBXFileReference; explicitFileType = wrapper.application; includeInIndex = 0; path = AllToolsAndExtension.app; sourceTree = BUILT_PRODUCTS_DIR; };
		EFC5AC2D1D129F6000E40062 /* main.m */ = {isa = PBXFileReference; lastKnownFileType = sourcecode.c.objc; path = main.m; sourceTree = "<group>"; };
		EFC5AC2F1D129F6000E40062 /* AppDelegate.h */ = {isa = PBXFileReference; lastKnownFileType = sourcecode.c.h; path = AppDelegate.h; sourceTree = "<group>"; };
		EFC5AC301D129F6000E40062 /* AppDelegate.m */ = {isa = PBXFileReference; lastKnownFileType = sourcecode.c.objc; path = AppDelegate.m; sourceTree = "<group>"; };
		EFC5AC381D129F6000E40062 /* Assets.xcassets */ = {isa = PBXFileReference; lastKnownFileType = folder.assetcatalog; path = Assets.xcassets; sourceTree = "<group>"; };
		EFC5AC3B1D129F6000E40062 /* Base */ = {isa = PBXFileReference; lastKnownFileType = file.storyboard; name = Base; path = Base.lproj/LaunchScreen.storyboard; sourceTree = "<group>"; };
		EFC5AC3D1D129F6000E40062 /* Info.plist */ = {isa = PBXFileReference; lastKnownFileType = text.plist.xml; path = Info.plist; sourceTree = "<group>"; };
		EFC5AC421D129F6000E40062 /* AllToolsAndExtensionTests.xctest */ = {isa = PBXFileReference; explicitFileType = wrapper.cfbundle; includeInIndex = 0; path = AllToolsAndExtensionTests.xctest; sourceTree = BUILT_PRODUCTS_DIR; };
		EFC5AC461D129F6000E40062 /* AllToolsAndExtensionTests.m */ = {isa = PBXFileReference; lastKnownFileType = sourcecode.c.objc; path = AllToolsAndExtensionTests.m; sourceTree = "<group>"; };
		EFC5AC481D129F6000E40062 /* Info.plist */ = {isa = PBXFileReference; lastKnownFileType = text.plist.xml; path = Info.plist; sourceTree = "<group>"; };
		EFC5AC4D1D129F6000E40062 /* AllToolsAndExtensionUITests.xctest */ = {isa = PBXFileReference; explicitFileType = wrapper.cfbundle; includeInIndex = 0; path = AllToolsAndExtensionUITests.xctest; sourceTree = BUILT_PRODUCTS_DIR; };
		EFC5AC511D129F6000E40062 /* AllToolsAndExtensionUITests.m */ = {isa = PBXFileReference; lastKnownFileType = sourcecode.c.objc; path = AllToolsAndExtensionUITests.m; sourceTree = "<group>"; };
		EFC5AC531D129F6000E40062 /* Info.plist */ = {isa = PBXFileReference; lastKnownFileType = text.plist.xml; path = Info.plist; sourceTree = "<group>"; };
		EFC5AC631D12A00C00E40062 /* UIColor+Extension.h */ = {isa = PBXFileReference; fileEncoding = 4; lastKnownFileType = sourcecode.c.h; path = "UIColor+Extension.h"; sourceTree = "<group>"; };
		EFC5AC641D12A00C00E40062 /* UIColor+Extension.m */ = {isa = PBXFileReference; fileEncoding = 4; lastKnownFileType = sourcecode.c.objc; path = "UIColor+Extension.m"; sourceTree = "<group>"; };
/* End PBXFileReference section */

/* Begin PBXFrameworksBuildPhase section */
		EFC5AC261D129F6000E40062 /* Frameworks */ = {
			isa = PBXFrameworksBuildPhase;
			buildActionMask = 2147483647;
			files = (
			);
			runOnlyForDeploymentPostprocessing = 0;
		};
		EFC5AC3F1D129F6000E40062 /* Frameworks */ = {
			isa = PBXFrameworksBuildPhase;
			buildActionMask = 2147483647;
			files = (
			);
			runOnlyForDeploymentPostprocessing = 0;
		};
		EFC5AC4A1D129F6000E40062 /* Frameworks */ = {
			isa = PBXFrameworksBuildPhase;
			buildActionMask = 2147483647;
			files = (
			);
			runOnlyForDeploymentPostprocessing = 0;
		};
/* End PBXFrameworksBuildPhase section */

/* Begin PBXGroup section */
		EFC5AC201D129F6000E40062 = {
			isa = PBXGroup;
			children = (
				EFC5AC2B1D129F6000E40062 /* AllToolsAndExtension */,
				EFC5AC451D129F6000E40062 /* AllToolsAndExtensionTests */,
				EFC5AC501D129F6000E40062 /* AllToolsAndExtensionUITests */,
				EFC5AC2A1D129F6000E40062 /* Products */,
			);
			sourceTree = "<group>";
		};
		EFC5AC2A1D129F6000E40062 /* Products */ = {
			isa = PBXGroup;
			children = (
				EFC5AC291D129F6000E40062 /* AllToolsAndExtension.app */,
				EFC5AC421D129F6000E40062 /* AllToolsAndExtensionTests.xctest */,
				EFC5AC4D1D129F6000E40062 /* AllToolsAndExtensionUITests.xctest */,
			);
			name = Products;
			sourceTree = "<group>";
		};
		EFC5AC2B1D129F6000E40062 /* AllToolsAndExtension */ = {
			isa = PBXGroup;
			children = (
				EFC5AC2F1D129F6000E40062 /* AppDelegate.h */,
				EFC5AC301D129F6000E40062 /* AppDelegate.m */,
				EFB3B2E91D1E550C0030CAB4 /* LHBMainViewController.h */,
				EFB3B2EA1D1E550C0030CAB4 /* LHBMainViewController.m */,
				EFC5AC5F1D129F8A00E40062 /* UIColorExtension */,
				EFC5AC381D129F6000E40062 /* Assets.xcassets */,
				EFC5AC3A1D129F6000E40062 /* LaunchScreen.storyboard */,
				EFC5AC3D1D129F6000E40062 /* Info.plist */,
				EFC5AC2C1D129F6000E40062 /* Supporting Files */,
			);
			path = AllToolsAndExtension;
			sourceTree = "<group>";
		};
		EFC5AC2C1D129F6000E40062 /* Supporting Files */ = {
			isa = PBXGroup;
			children = (
				EFC5AC2D1D129F6000E40062 /* main.m */,
			);
			name = "Supporting Files";
			sourceTree = "<group>";
		};
		EFC5AC451D129F6000E40062 /* AllToolsAndExtensionTests */ = {
			isa = PBXGroup;
			children = (
				EFC5AC461D129F6000E40062 /* AllToolsAndExtensionTests.m */,
				EFC5AC481D129F6000E40062 /* Info.plist */,
			);
			path = AllToolsAndExtensionTests;
			sourceTree = "<group>";
		};
		EFC5AC501D129F6000E40062 /* AllToolsAndExtensionUITests */ = {
			isa = PBXGroup;
			children = (
				EFC5AC511D129F6000E40062 /* AllToolsAndExtensionUITests.m */,
				EFC5AC531D129F6000E40062 /* Info.plist */,
			);
			path = AllToolsAndExtensionUITests;
			sourceTree = "<group>";
		};
		EFC5AC5F1D129F8A00E40062 /* UIColorExtension */ = {
			isa = PBXGroup;
			children = (
				EFC5AC631D12A00C00E40062 /* UIColor+Extension.h */,
				EFC5AC641D12A00C00E40062 /* UIColor+Extension.m */,
			);
			name = UIColorExtension;
			sourceTree = "<group>";
		};
/* End PBXGroup section */

/* Begin PBXNativeTarget section */
		EFC5AC281D129F6000E40062 /* AllToolsAndExtension */ = {
			isa = PBXNativeTarget;
			buildConfigurationList = EFC5AC561D129F6000E40062 /* Build configuration list for PBXNativeTarget "AllToolsAndExtension" */;
			buildPhases = (
				EFC5AC251D129F6000E40062 /* Sources */,
				EFC5AC261D129F6000E40062 /* Frameworks */,
				EFC5AC271D129F6000E40062 /* Resources */,
			);
			buildRules = (
			);
			dependencies = (
			);
			name = AllToolsAndExtension;
			productName = AllToolsAndExtension;
			productReference = EFC5AC291D129F6000E40062 /* AllToolsAndExtension.app */;
			productType = "com.apple.product-type.application";
		};
		EFC5AC411D129F6000E40062 /* AllToolsAndExtensionTests */ = {
			isa = PBXNativeTarget;
			buildConfigurationList = EFC5AC591D129F6000E40062 /* Build configuration list for PBXNativeTarget "AllToolsAndExtensionTests" */;
			buildPhases = (
				EFC5AC3E1D129F6000E40062 /* Sources */,
				EFC5AC3F1D129F6000E40062 /* Frameworks */,
				EFC5AC401D129F6000E40062 /* Resources */,
			);
			buildRules = (
			);
			dependencies = (
				EFC5AC441D129F6000E40062 /* PBXTargetDependency */,
			);
			name = AllToolsAndExtensionTests;
			productName = AllToolsAndExtensionTests;
			productReference = EFC5AC421D129F6000E40062 /* AllToolsAndExtensionTests.xctest */;
			productType = "com.apple.product-type.bundle.unit-test";
		};
		EFC5AC4C1D129F6000E40062 /* AllToolsAndExtensionUITests */ = {
			isa = PBXNativeTarget;
			buildConfigurationList = EFC5AC5C1D129F6000E40062 /* Build configuration list for PBXNativeTarget "AllToolsAndExtensionUITests" */;
			buildPhases = (
				EFC5AC491D129F6000E40062 /* Sources */,
				EFC5AC4A1D129F6000E40062 /* Frameworks */,
				EFC5AC4B1D129F6000E40062 /* Resources */,
			);
			buildRules = (
			);
			dependencies = (
				EFC5AC4F1D129F6000E40062 /* PBXTargetDependency */,
			);
			name = AllToolsAndExtensionUITests;
			productName = AllToolsAndExtensionUITests;
			productReference = EFC5AC4D1D129F6000E40062 /* AllToolsAndExtensionUITests.xctest */;
			productType = "com.apple.product-type.bundle.ui-testing";
		};
/* End PBXNativeTarget section */

/* Begin PBXProject section */
		EFC5AC211D129F6000E40062 /* Project object */ = {
			isa = PBXProject;
			attributes = {
				CLASSPREFIX = LHB;
				LastUpgradeCheck = 0730;
				ORGANIZATIONNAME = LHB;
				TargetAttributes = {
					EFC5AC281D129F6000E40062 = {
						CreatedOnToolsVersion = 7.3;
					};
					EFC5AC411D129F6000E40062 = {
						CreatedOnToolsVersion = 7.3;
						TestTargetID = EFC5AC281D129F6000E40062;
					};
					EFC5AC4C1D129F6000E40062 = {
						CreatedOnToolsVersion = 7.3;
						TestTargetID = EFC5AC281D129F6000E40062;
					};
				};
			};
			buildConfigurationList = EFC5AC241D129F6000E40062 /* Build configuration list for PBXProject "AllToolsAndExtension" */;
			compatibilityVersion = "Xcode 3.2";
			developmentRegion = English;
			hasScannedForEncodings = 0;
			knownRegions = (
				en,
				Base,
			);
			mainGroup = EFC5AC201D129F6000E40062;
			productRefGroup = EFC5AC2A1D129F6000E40062 /* Products */;
			projectDirPath = "";
			projectRoot = "";
			targets = (
				EFC5AC281D129F6000E40062 /* AllToolsAndExtension */,
				EFC5AC411D129F6000E40062 /* AllToolsAndExtensionTests */,
				EFC5AC4C1D129F6000E40062 /* AllToolsAndExtensionUITests */,
			);
		};
/* End PBXProject section */

/* Begin PBXResourcesBuildPhase section */
		EFC5AC271D129F6000E40062 /* Resources */ = {
			isa = PBXResourcesBuildPhase;
			buildActionMask = 2147483647;
			files = (
				EFC5AC3C1D129F6000E40062 /* LaunchScreen.storyboard in Resources */,
				EFC5AC391D129F6000E40062 /* Assets.xcassets in Resources */,
			);
			runOnlyForDeploymentPostprocessing = 0;
		};
		EFC5AC401D129F6000E40062 /* Resources */ = {
			isa = PBXResourcesBuildPhase;
			buildActionMask = 2147483647;
			files = (
			);
			runOnlyForDeploymentPostprocessing = 0;
		};
		EFC5AC4B1D129F6000E40062 /* Resources */ = {
			isa = PBXResourcesBuildPhase;
			buildActionMask = 2147483647;
			files = (
			);
			runOnlyForDeploymentPostprocessing = 0;
		};
/* End PBXResourcesBuildPhase section */

/* Begin PBXSourcesBuildPhase section */
		EFC5AC251D129F6000E40062 /* Sources */ = {
			isa = PBXSourcesBuildPhase;
			buildActionMask = 2147483647;
			files = (
				EFB3B2EB1D1E550C0030CAB4 /* LHBMainViewController.m in Sources */,
				EFC5AC311D129F6000E40062 /* AppDelegate.m in Sources */,
				EFC5AC651D12A00C00E40062 /* UIColor+Extension.m in Sources */,
				EFC5AC2E1D129F6000E40062 /* main.m in Sources */,
			);
			runOnlyForDeploymentPostprocessing = 0;
		};
		EFC5AC3E1D129F6000E40062 /* Sources */ = {
			isa = PBXSourcesBuildPhase;
			buildActionMask = 2147483647;
			files = (
				EFC5AC471D129F6000E40062 /* AllToolsAndExtensionTests.m in Sources */,
			);
			runOnlyForDeploymentPostprocessing = 0;
		};
		EFC5AC491D129F6000E40062 /* Sources */ = {
			isa = PBXSourcesBuildPhase;
			buildActionMask = 2147483647;
			files = (
				EFC5AC521D129F6000E40062 /* AllToolsAndExtensionUITests.m in Sources */,
			);
			runOnlyForDeploymentPostprocessing = 0;
		};
/* End PBXSourcesBuildPhase section */

/* Begin PBXTargetDependency section */
		EFC5AC441D129F6000E40062 /* PBXTargetDependency */ = {
			isa = PBXTargetDependency;
			target = EFC5AC281D129F6000E40062 /* AllToolsAndExtension */;
			targetProxy = EFC5AC431D129F6000E40062 /* PBXContainerItemProxy */;
		};
		EFC5AC4F1D129F6000E40062 /* PBXTargetDependency */ = {
			isa = PBXTargetDependency;
			target = EFC5AC281D129F6000E40062 /* AllToolsAndExtension */;
			targetProxy = EFC5AC4E1D129F6000E40062 /* PBXContainerItemProxy */;
		};
/* End PBXTargetDependency section */

/* Begin PBXVariantGroup section */
		EFC5AC3A1D129F6000E40062 /* LaunchScreen.storyboard */ = {
			isa = PBXVariantGroup;
			children = (
				EFC5AC3B1D129F6000E40062 /* Base */,
			);
			name = LaunchScreen.storyboard;
			sourceTree = "<group>";
		};
/* End PBXVariantGroup section */

/* Begin XCBuildConfiguration section */
		EFC5AC541D129F6000E40062 /* Debug */ = {
			isa = XCBuildConfiguration;
			buildSettings = {
				ALWAYS_SEARCH_USER_PATHS = NO;
				CLANG_ANALYZER_NONNULL = YES;
				CLANG_CXX_LANGUAGE_STANDARD = "gnu++0x";
				CLANG_CXX_LIBRARY = "libc++";
				CLANG_ENABLE_MODULES = YES;
				CLANG_ENABLE_OBJC_ARC = YES;
				CLANG_WARN_BOOL_CONVERSION = YES;
				CLANG_WARN_CONSTANT_CONVERSION = YES;
				CLANG_WARN_DIRECT_OBJC_ISA_USAGE = YES_ERROR;
				CLANG_WARN_EMPTY_BODY = YES;
				CLANG_WARN_ENUM_CONVERSION = YES;
				CLANG_WARN_INT_CONVERSION = YES;
				CLANG_WARN_OBJC_ROOT_CLASS = YES_ERROR;
				CLANG_WARN_UNREACHABLE_CODE = YES;
				CLANG_WARN__DUPLICATE_METHOD_MATCH = YES;
				"CODE_SIGN_IDENTITY[sdk=iphoneos*]" = "iPhone Developer";
				COPY_PHASE_STRIP = NO;
				DEBUG_INFORMATION_FORMAT = dwarf;
				ENABLE_STRICT_OBJC_MSGSEND = YES;
				ENABLE_TESTABILITY = YES;
				GCC_C_LANGUAGE_STANDARD = gnu99;
				GCC_DYNAMIC_NO_PIC = NO;
				GCC_NO_COMMON_BLOCKS = YES;
				GCC_OPTIMIZATION_LEVEL = 0;
				GCC_PREPROCESSOR_DEFINITIONS = (
					"DEBUG=1",
					"$(inherited)",
				);
				GCC_WARN_64_TO_32_BIT_CONVERSION = YES;
				GCC_WARN_ABOUT_RETURN_TYPE = YES_ERROR;
				GCC_WARN_UNDECLARED_SELECTOR = YES;
				GCC_WARN_UNINITIALIZED_AUTOS = YES_AGGRESSIVE;
				GCC_WARN_UNUSED_FUNCTION = YES;
				GCC_WARN_UNUSED_VARIABLE = YES;
				IPHONEOS_DEPLOYMENT_TARGET = 9.3;
				MTL_ENABLE_DEBUG_INFO = YES;
				ONLY_ACTIVE_ARCH = YES;
				SDKROOT = iphoneos;
			};
			name = Debug;
		};
		EFC5AC551D129F6000E40062 /* Release */ = {
			isa = XCBuildConfiguration;
			buildSettings = {
				ALWAYS_SEARCH_USER_PATHS = NO;
				CLANG_ANALYZER_NONNULL = YES;
				CLANG_CXX_LANGUAGE_STANDARD = "gnu++0x";
				CLANG_CXX_LIBRARY = "libc++";
				CLANG_ENABLE_MODULES = YES;
				CLANG_ENABLE_OBJC_ARC = YES;
				CLANG_WARN_BOOL_CONVERSION = YES;
				CLANG_WARN_CONSTANT_CONVERSION = YES;
				CLANG_WARN_DIRECT_OBJC_ISA_USAGE = YES_ERROR;
				CLANG_WARN_EMPTY_BODY = YES;
				CLANG_WARN_ENUM_CONVERSION = YES;
				CLANG_WARN_INT_CONVERSION = YES;
				CLANG_WARN_OBJC_ROOT_CLASS = YES_ERROR;
				CLANG_WARN_UNREACHABLE_CODE = YES;
				CLANG_WARN__DUPLICATE_METHOD_MATCH = YES;
				"CODE_SIGN_IDENTITY[sdk=iphoneos*]" = "iPhone Developer";
				COPY_PHASE_STRIP = NO;
				DEBUG_INFORMATION_FORMAT = "dwarf-with-dsym";
				ENABLE_NS_ASSERTIONS = NO;
				ENABLE_STRICT_OBJC_MSGSEND = YES;
				GCC_C_LANGUAGE_STANDARD = gnu99;
				GCC_NO_COMMON_BLOCKS = YES;
				GCC_WARN_64_TO_32_BIT_CONVERSION = YES;
				GCC_WARN_ABOUT_RETURN_TYPE = YES_ERROR;
				GCC_WARN_UNDECLARED_SELECTOR = YES;
				GCC_WARN_UNINITIALIZED_AUTOS = YES_AGGRESSIVE;
				GCC_WARN_UNUSED_FUNCTION = YES;
				GCC_WARN_UNUSED_VARIABLE = YES;
				IPHONEOS_DEPLOYMENT_TARGET = 9.3;
				MTL_ENABLE_DEBUG_INFO = NO;
				SDKROOT = iphoneos;
				VALIDATE_PRODUCT = YES;
			};
			name = Release;
		};
		EFC5AC571D129F6000E40062 /* Debug */ = {
			isa = XCBuildConfiguration;
			buildSettings = {
				ASSETCATALOG_COMPILER_APPICON_NAME = AppIcon;
				INFOPLIST_FILE = AllToolsAndExtension/Info.plist;
				LD_RUNPATH_SEARCH_PATHS = "$(inherited) @executable_path/Frameworks";
				PRODUCT_BUNDLE_IDENTIFIER = zhsoftbank.com.AllToolsAndExtension;
				PRODUCT_NAME = "$(TARGET_NAME)";
			};
			name = Debug;
		};
		EFC5AC581D129F6000E40062 /* Release */ = {
			isa = XCBuildConfiguration;
			buildSettings = {
				ASSETCATALOG_COMPILER_APPICON_NAME = AppIcon;
				INFOPLIST_FILE = AllToolsAndExtension/Info.plist;
				LD_RUNPATH_SEARCH_PATHS = "$(inherited) @executable_path/Frameworks";
				PRODUCT_BUNDLE_IDENTIFIER = zhsoftbank.com.AllToolsAndExtension;
				PRODUCT_NAME = "$(TARGET_NAME)";
			};
			name = Release;
		};
		EFC5AC5A1D129F6000E40062 /* Debug */ = {
			isa = XCBuildConfiguration;
			buildSettings = {
				BUNDLE_LOADER = "$(TEST_HOST)";
				INFOPLIST_FILE = AllToolsAndExtensionTests/Info.plist;
				LD_RUNPATH_SEARCH_PATHS = "$(inherited) @executable_path/Frameworks @loader_path/Frameworks";
				PRODUCT_BUNDLE_IDENTIFIER = zhsoftbank.com.AllToolsAndExtensionTests;
				PRODUCT_NAME = "$(TARGET_NAME)";
				TEST_HOST = "$(BUILT_PRODUCTS_DIR)/AllToolsAndExtension.app/AllToolsAndExtension";
			};
			name = Debug;
		};
		EFC5AC5B1D129F6000E40062 /* Release */ = {
			isa = XCBuildConfiguration;
			buildSettings = {
				BUNDLE_LOADER = "$(TEST_HOST)";
				INFOPLIST_FILE = AllToolsAndExtensionTests/Info.plist;
				LD_RUNPATH_SEARCH_PATHS = "$(inherited) @executable_path/Frameworks @loader_path/Frameworks";
				PRODUCT_BUNDLE_IDENTIFIER = zhsoftbank.com.AllToolsAndExtensionTests;
				PRODUCT_NAME = "$(TARGET_NAME)";
				TEST_HOST = "$(BUILT_PRODUCTS_DIR)/AllToolsAndExtension.app/AllToolsAndExtension";
			};
			name = Release;
		};
		EFC5AC5D1D129F6000E40062 /* Debug */ = {
			isa = XCBuildConfiguration;
			buildSettings = {
				INFOPLIST_FILE = AllToolsAndExtensionUITests/Info.plist;
				LD_RUNPATH_SEARCH_PATHS = "$(inherited) @executable_path/Frameworks @loader_path/Frameworks";
				PRODUCT_BUNDLE_IDENTIFIER = zhsoftbank.com.AllToolsAndExtensionUITests;
				PRODUCT_NAME = "$(TARGET_NAME)";
				TEST_TARGET_NAME = AllToolsAndExtension;
			};
			name = Debug;
		};
		EFC5AC5E1D129F6000E40062 /* Release */ = {
			isa = XCBuildConfiguration;
			buildSettings = {
				INFOPLIST_FILE = AllToolsAndExtensionUITests/Info.plist;
				LD_RUNPATH_SEARCH_PATHS = "$(inherited) @executable_path/Frameworks @loader_path/Frameworks";
				PRODUCT_BUNDLE_IDENTIFIER = zhsoftbank.com.AllToolsAndExtensionUITests;
				PRODUCT_NAME = "$(TARGET_NAME)";
				TEST_TARGET_NAME = AllToolsAndExtension;
			};
			name = Release;
		};
/* End XCBuildConfiguration section */

/* Begin XCConfigurationList section */
		EFC5AC241D129F6000E40062 /* Build configuration list for PBXProject "AllToolsAndExtension" */ = {
			isa = XCConfigurationList;
			buildConfigurations = (
				EFC5AC541D129F6000E40062 /* Debug */,
				EFC5AC551D129F6000E40062 /* Release */,
			);
			defaultConfigurationIsVisible = 0;
			defaultConfigurationName = Release;
		};
		EFC5AC561D129F6000E40062 /* Build configuration list for PBXNativeTarget "AllToolsAndExtension" */ = {
			isa = XCConfigurationList;
			buildConfigurations = (
				EFC5AC571D129F6000E40062 /* Debug */,
				EFC5AC581D129F6000E40062 /* Release */,
			);
			defaultConfigurationIsVisible = 0;
			defaultConfigurationName = Release;
		};
		EFC5AC591D129F6000E40062 /* Build configuration list for PBXNativeTarget "AllToolsAndExtensionTests" */ = {
			isa = XCConfigurationList;
			buildConfigurations = (
				EFC5AC5A1D129F6000E40062 /* Debug */,
				EFC5AC5B1D129F6000E40062 /* Release */,
			);
			defaultConfigurationIsVisible = 0;
			defaultConfigurationName = Release;
		};
		EFC5AC5C1D129F6000E40062 /* Build configuration list for PBXNativeTarget "AllToolsAndExtensionUITests" */ = {
			isa = XCConfigurationList;
			buildConfigurations = (
				EFC5AC5D1D129F6000E40062 /* Debug */,
				EFC5AC5E1D129F6000E40062 /* Release */,
			);
			defaultConfigurationIsVisible = 0;
			defaultConfigurationName = Release;
		};
/* End XCConfigurationList section */
	};
	rootObject = EFC5AC211D129F6000E40062 /* Project object */;
}
